// !$*UTF8*$!
{
	"archiveVersion" = "1";
	"classes" = {

	};
	"objectVersion" = "56";
	"objects" = {
		"455CF40FAFC3EB473C031FB6" = {
			"isa" = "PBXFileReference";
			"lastKnownFileType" = "sourcecode.swift";
			"path" = "SenseVoicePrototypeApp.swift";
			"sourceTree" = "<group>";
		};
		"85B8DC064D9AC5FDC126B5F5" = {
			"isa" = "PBXBuildFile";
			"fileRef" = "455CF40FAFC3EB473C031FB6";
		};
		"4AE4A885EF26CC9F4DA548B8" = {
			"isa" = "PBXFileReference";
			"lastKnownFileType" = "sourcecode.swift";
			"path" = "AppModel.swift";
			"sourceTree" = "<group>";
		};
		"55BD910C65E714050FD605B4" = {
			"isa" = "PBXBuildFile";
			"fileRef" = "4AE4A885EF26CC9F4DA548B8";
		};
		"9727B9EED8ACD2EE46E136A0" = {
			"isa" = "PBXFileReference";
			"lastKnownFileType" = "sourcecode.swift";
			"path" = "ContentView.swift";
			"sourceTree" = "<group>";
		};
		"B4A081ADAD6BFF6324356F4F" = {
			"isa" = "PBXBuildFile";
			"fileRef" = "9727B9EED8ACD2EE46E136A0";
		};
		"5AAE219D4AE888592C740D2C" = {
			"isa" = "PBXFileReference";
			"lastKnownFileType" = "sourcecode.swift";
			"path" = "TextExportView.swift";
			"sourceTree" = "<group>";
		};
		"266F65FD652F6C0AEFBD6EF5" = {
			"isa" = "PBXBuildFile";
			"fileRef" = "5AAE219D4AE888592C740D2C";
		};
		"08F24EA3442FDDC94CA6FEB0" = {
			"isa" = "PBXFileReference";
			"lastKnownFileType" = "sourcecode.swift";
			"path" = "StorageView.swift";
			"sourceTree" = "<group>";
		};
		"D1948985EC3818C164989691" = {
			"isa" = "PBXBuildFile";
			"fileRef" = "08F24EA3442FDDC94CA6FEB0";
		};
		"75BC22ED5A21F531E6053E65" = {
			"isa" = "PBXFileReference";
			"lastKnownFileType" = "sourcecode.swift";
			"path" = "ExportLocations.swift";
			"sourceTree" = "<group>";
		};
		"6207BF7D0F9C8070D618997E" = {
			"isa" = "PBXBuildFile";
			"fileRef" = "75BC22ED5A21F531E6053E65";
		};
		"C5F313959B8AB09DB7D4A473" = {
			"isa" = "PBXFileReference";
			"lastKnownFileType" = "sourcecode.swift";
			"path" = "GoogleDriveService.swift";
			"sourceTree" = "<group>";
		};
		"B03573A6DF3BED634574B4D5" = {
			"isa" = "PBXBuildFile";
			"fileRef" = "C5F313959B8AB09DB7D4A473";
		};
		"59BD0A3FF43B32849B319E64" = {
			"isa" = "PBXFileReference";
			"lastKnownFileType" = "text.plist.xml";
			"path" = "Info.plist";
			"sourceTree" = "<group>";
		};
		"3A2A88DEEFF3D1D23E496597" = {
			"isa" = "PBXGroup";
			"children" = ("455CF40FAFC3EB473C031FB6", "4AE4A885EF26CC9F4DA548B8", "9727B9EED8ACD2EE46E136A0", "5AAE219D4AE888592C740D2C", "08F24EA3442FDDC94CA6FEB0", "75BC22ED5A21F531E6053E65", "C5F313959B8AB09DB7D4A473", "59BD0A3FF43B32849B319E64",);
			"path" = "SenseVoiceApp";
			"sourceTree" = "<group>";
		};
		"38A007151ABE87CC01A5B6E9" = {
			"isa" = "PBXFileReference";
			"explicitFileType" = "wrapper.application";
			"includeInIndex" = "0";
			"path" = "SenseVoicePrototype.app";
			"sourceTree" = "BUILT_PRODUCTS_DIR";
		};
		"FBDC4F23F93125BBEEAE800C" = {
			"isa" = "PBXGroup";
			"children" = ("38A007151ABE87CC01A5B6E9",);
			"name" = "Products";
			"sourceTree" = "<group>";
		};
		"B28B7AF69320201D1CF206EB" = {
			"isa" = "PBXGroup";
			"children" = ("3A2A88DEEFF3D1D23E496597", "FBDC4F23F93125BBEEAE800C",);
			"sourceTree" = "<group>";
		};
		"582681C2EAE02B3F3D399C0C" = {
			"isa" = "XCLocalSwiftPackageReference";
			"relativePath" = ".";
		};
		"9D062BAFFF17BA8B9A1215C4" = {
			"isa" = "XCSwiftPackageProductDependency";
			"package" = "582681C2EAE02B3F3D399C0C";
			"productName" = "SenseVoiceCore";
		};
		"E447B9BF3E9A874B45912EE1" = {
			"isa" = "XCRemoteSwiftPackageReference";
			"repositoryURL" = "https://github.com/google/GoogleSignIn-iOS.git";
			"requirement" = {
				"kind" = "exactVersion";
				"version" = "9.2.0";
			};
		};
		"5B7E61942C37114B72D33037" = {
			"isa" = "XCSwiftPackageProductDependency";
			"package" = "E447B9BF3E9A874B45912EE1";
			"productName" = "GoogleSignIn";
		};
		"2541EA2FA8F8A10584693498" = {
			"isa" = "XCSwiftPackageProductDependency";
			"package" = "E447B9BF3E9A874B45912EE1";
			"productName" = "GoogleSignInSwift";
		};
		"ED92794C2295EBD5F5F9759E" = {
			"isa" = "PBXBuildFile";
			"productRef" = "5B7E61942C37114B72D33037";
		};
		"9E1AAFA393980A37B07F0011" = {
			"isa" = "PBXBuildFile";
			"productRef" = "2541EA2FA8F8A10584693498";
		};
		"E03EB618E90D617AB8F6A5B0" = {
			"isa" = "PBXBuildFile";
			"productRef" = "9D062BAFFF17BA8B9A1215C4";
		};
		"BCE16DD0260827ECF338C787" = {
			"isa" = "PBXSourcesBuildPhase";
			"buildActionMask" = "2147483647";
			"files" = ("85B8DC064D9AC5FDC126B5F5", "55BD910C65E714050FD605B4", "B4A081ADAD6BFF6324356F4F", "266F65FD652F6C0AEFBD6EF5", "D1948985EC3818C164989691", "6207BF7D0F9C8070D618997E", "B03573A6DF3BED634574B4D5",);
			"runOnlyForDeploymentPostprocessing" = "0";
		};
		"7561BFB015D8F536760CB671" = {
			"isa" = "PBXFrameworksBuildPhase";
			"buildActionMask" = "2147483647";
			"files" = ("E03EB618E90D617AB8F6A5B0", "ED92794C2295EBD5F5F9759E", "9E1AAFA393980A37B07F0011",);
			"runOnlyForDeploymentPostprocessing" = "0";
		};
		"0189424A5A60FED329FA868E" = {
			"isa" = "PBXResourcesBuildPhase";
			"buildActionMask" = "2147483647";
			"files" = ();
			"runOnlyForDeploymentPostprocessing" = "0";
		};
		"7082CC0B6FC1282FCEABD07A" = {
			"isa" = "XCBuildConfiguration";
			"name" = "Debug";
			"buildSettings" = {
				"PRODUCT_BUNDLE_IDENTIFIER" = "com.local.sensevoiceprototype";
				"PRODUCT_NAME" = "$(TARGET_NAME)";
				"INFOPLIST_FILE" = "SenseVoiceApp/Info.plist";
				"GENERATE_INFOPLIST_FILE" = "NO";
				"CODE_SIGN_STYLE" = "Automatic";
				"IPHONEOS_DEPLOYMENT_TARGET" = "17.0";
				"TARGETED_DEVICE_FAMILY" = "1,2";
				"SWIFT_VERSION" = "5.0";
				"SWIFT_STRICT_CONCURRENCY" = "targeted";
				"SUPPORTED_PLATFORMS" = "iphoneos iphonesimulator";
				"SDKROOT" = "iphoneos";
				"ENABLE_PREVIEWS" = "YES";
				"ONLY_ACTIVE_ARCH" = "YES";
				"SWIFT_OPTIMIZATION_LEVEL" = "-Onone";
			};
		};
		"89E1FD6268CC0F221A2BE178" = {
			"isa" = "XCBuildConfiguration";
			"name" = "Debug";
			"buildSettings" = {
				"CLANG_ENABLE_MODULES" = "YES";
				"CLANG_ENABLE_OBJC_ARC" = "YES";
				"SDKROOT" = "iphoneos";
				"IPHONEOS_DEPLOYMENT_TARGET" = "17.0";
				"SWIFT_VERSION" = "5.0";
				"DEBUG_INFORMATION_FORMAT" = "dwarf";
			};
		};
		"639A7CA24D39909E713B47F7" = {
			"isa" = "XCBuildConfiguration";
			"name" = "Release";
			"buildSettings" = {
				"PRODUCT_BUNDLE_IDENTIFIER" = "com.local.sensevoiceprototype";
				"PRODUCT_NAME" = "$(TARGET_NAME)";
				"INFOPLIST_FILE" = "SenseVoiceApp/Info.plist";
				"GENERATE_INFOPLIST_FILE" = "NO";
				"CODE_SIGN_STYLE" = "Automatic";
				"IPHONEOS_DEPLOYMENT_TARGET" = "17.0";
				"TARGETED_DEVICE_FAMILY" = "1,2";
				"SWIFT_VERSION" = "5.0";
				"SWIFT_STRICT_CONCURRENCY" = "targeted";
				"SUPPORTED_PLATFORMS" = "iphoneos iphonesimulator";
				"SDKROOT" = "iphoneos";
				"ENABLE_PREVIEWS" = "YES";
				"ONLY_ACTIVE_ARCH" = "NO";
				"SWIFT_OPTIMIZATION_LEVEL" = "-O";
			};
		};
		"E6DE6C99132752C914FEF632" = {
			"isa" = "XCBuildConfiguration";
			"name" = "Release";
			"buildSettings" = {
				"CLANG_ENABLE_MODULES" = "YES";
				"CLANG_ENABLE_OBJC_ARC" = "YES";
				"SDKROOT" = "iphoneos";
				"IPHONEOS_DEPLOYMENT_TARGET" = "17.0";
				"SWIFT_VERSION" = "5.0";
				"DEBUG_INFORMATION_FORMAT" = "dwarf-with-dsym";
			};
		};
		"651ECA092BE81738918D8CDB" = {
			"isa" = "XCConfigurationList";
			"buildConfigurations" = ("7082CC0B6FC1282FCEABD07A", "639A7CA24D39909E713B47F7",);
			"defaultConfigurationIsVisible" = "0";
			"defaultConfigurationName" = "Release";
		};
		"F8C70E4123C9AE82C42562CC" = {
			"isa" = "XCConfigurationList";
			"buildConfigurations" = ("89E1FD6268CC0F221A2BE178", "E6DE6C99132752C914FEF632",);
			"defaultConfigurationIsVisible" = "0";
			"defaultConfigurationName" = "Release";
		};
		"0E8A3AD980EC179856012B7E" = {
			"isa" = "PBXNativeTarget";
			"buildConfigurationList" = "651ECA092BE81738918D8CDB";
			"buildPhases" = ("BCE16DD0260827ECF338C787", "7561BFB015D8F536760CB671", "0189424A5A60FED329FA868E",);
			"buildRules" = ();
			"dependencies" = ();
			"name" = "SenseVoicePrototype";
			"packageProductDependencies" = ("9D062BAFFF17BA8B9A1215C4", "5B7E61942C37114B72D33037", "2541EA2FA8F8A10584693498",);
			"productName" = "SenseVoicePrototype";
			"productReference" = "38A007151ABE87CC01A5B6E9";
			"productType" = "com.apple.product-type.application";
		};
		"98F54143AB4E86B28C3AFEE0" = {
			"isa" = "PBXProject";
			"attributes" = {
				"BuildIndependentTargetsInParallel" = "YES";
				"LastUpgradeCheck" = "2600";
			};
			"buildConfigurationList" = "F8C70E4123C9AE82C42562CC";
			"compatibilityVersion" = "Xcode 14.0";
			"developmentRegion" = "zh-Hans";
			"hasScannedForEncodings" = "0";
			"knownRegions" = ("zh-Hans", "en", "Base",);
			"mainGroup" = "B28B7AF69320201D1CF206EB";
			"productRefGroup" = "FBDC4F23F93125BBEEAE800C";
			"projectDirPath" = "";
			"projectRoot" = "";
			"packageReferences" = ("582681C2EAE02B3F3D399C0C", "E447B9BF3E9A874B45912EE1",);
			"targets" = ("0E8A3AD980EC179856012B7E",);
		};
	};
	"rootObject" = "98F54143AB4E86B28C3AFEE0";
}
